
Microsoft Visual Studio Solution File, Format Version 12.00
# Visual Studio Version 17
VisualStudioVersion = 17.9.34622.214
MinimumVisualStudioVersion = 10.0.40219.1
Project("{8BC9CEB8-8B4A-11D0-8D11-00A0C91BC942}") = "HW Shapes classes", "HW Shapes classes.vcxproj", "{7954AC9E-44B5-4A0A-955C-DAE1392DF11F}"
EndProject
Global
	GlobalSection(SolutionConfigurationPlatforms) = preSolution
		Debug|x64 = Debug|x64
		Debug|x86 = Debug|x86
		Release|x64 = Release|x64
		Release|x86 = Release|x86
	EndGlobalSection
	GlobalSection(ProjectConfigurationPlatforms) = postSolution
		{7954AC9E-44B5-4A0A-955C-DAE1392DF11F}.Debug|x64.ActiveCfg = Debug|x64
		{7954AC9E-44B5-4A0A-955C-DAE1392DF11F}.Debug|x64.Build.0 = Debug|x64
		{7954AC9E-44B5-4A0A-955C-DAE1392DF11F}.Debug|x86.ActiveCfg = Debug|Win32
		{7954AC9E-44B5-4A0A-955C-DAE1392DF11F}.Debug|x86.Build.0 = Debug|Win32
		{7954AC9E-44B5-4A0A-955C-DAE1392DF11F}.Release|x64.ActiveCfg = Release|x64
		{7954AC9E-44B5-4A0A-955C-DAE1392DF11F}.Release|x64.Build.0 = Release|x64
		{7954AC9E-44B5-4A0A-955C-DAE1392DF11F}.Release|x86.ActiveCfg = Release|Win32
		{7954AC9E-44B5-4A0A-955C-DAE1392DF11F}.Release|x86.Build.0 = Release|Win32
	EndGlobalSection
	GlobalSection(SolutionProperties) = preSolution
		HideSolutionNode = FALSE
	EndGlobalSection
	GlobalSection(ExtensibilityGlobals) = postSolution
		SolutionGuid = {779BC2D7-B786-404E-B0E5-353B0334A929}
	EndGlobalSection
EndGlobal
